
Microsoft Visual Studio Solution File, Format Version 12.00
# Visual Studio Version 16
VisualStudioVersion = 16.0.31205.134
MinimumVisualStudioVersion = 10.0.40219.1
Project("{FAE04EC0-301F-11D3-BF4B-00C04F79EFBC}") = "GlisseTonPiedBotDotNet", "GlisseTonPiedBotDotNet\GlisseTonPiedBotDotNet.csproj", "{C69843C9-D260-411A-A944-C5C2A5BB2CA6}"
EndProject
Global
	GlobalSection(SolutionConfigurationPlatforms) = preSolution
		Debug|Any CPU = Debug|Any CPU
		Release|Any CPU = Release|Any CPU
	EndGlobalSection
	GlobalSection(ProjectConfigurationPlatforms) = postSolution
		{C69843C9-D260-411A-A944-C5C2A5BB2CA6}.Debug|Any CPU.ActiveCfg = Debug|Any CPU
		{C69843C9-D260-411A-A944-C5C2A5BB2CA6}.Debug|Any CPU.Build.0 = Debug|Any CPU
		{C69843C9-D260-411A-A944-C5C2A5BB2CA6}.Release|Any CPU.ActiveCfg = Release|Any CPU
		{C69843C9-D260-411A-A944-C5C2A5BB2CA6}.Release|Any CPU.Build.0 = Release|Any CPU
	EndGlobalSection
	GlobalSection(SolutionProperties) = preSolution
		HideSolutionNode = FALSE
	EndGlobalSection
	GlobalSection(ExtensibilityGlobals) = postSolution
		SolutionGuid = {03ACB34E-57C0-4480-88C5-A35F412BBA96}
	EndGlobalSection
EndGlobal
